
Microsoft Visual Studio Solution File, Format Version 12.00
# Visual Studio Version 17
VisualStudioVersion = 17.7.34031.279
MinimumVisualStudioVersion = 10.0.40219.1
Project("{FAE04EC0-301F-11D3-BF4B-00C04F79EFBC}") = "Tema2-Opacidad", "Tema2-Opacidad\Tema2-Opacidad.csproj", "{E173F6C8-1E23-4406-9D57-5B1973F5153B}"
EndProject
Global
	GlobalSection(SolutionConfigurationPlatforms) = preSolution
		Debug|Any CPU = Debug|Any CPU
		Release|Any CPU = Release|Any CPU
	EndGlobalSection
	GlobalSection(ProjectConfigurationPlatforms) = postSolution
		{E173F6C8-1E23-4406-9D57-5B1973F5153B}.Debug|Any CPU.ActiveCfg = Debug|Any CPU
		{E173F6C8-1E23-4406-9D57-5B1973F5153B}.Debug|Any CPU.Build.0 = Debug|Any CPU
		{E173F6C8-1E23-4406-9D57-5B1973F5153B}.Release|Any CPU.ActiveCfg = Release|Any CPU
		{E173F6C8-1E23-4406-9D57-5B1973F5153B}.Release|Any CPU.Build.0 = Release|Any CPU
	EndGlobalSection
	GlobalSection(SolutionProperties) = preSolution
		HideSolutionNode = FALSE
	EndGlobalSection
	GlobalSection(ExtensibilityGlobals) = postSolution
		SolutionGuid = {27EA73AE-5450-4479-93D0-D07C30029535}
	EndGlobalSection
EndGlobal
